
Microsoft Visual Studio Solution File, Format Version 12.00
# Visual Studio 15
VisualStudioVersion = 15.0.27703.2018
MinimumVisualStudioVersion = 10.0.40219.1
Project("{F184B08F-C81C-45F6-A57F-5ABD9991F28F}") = "FosterRollOff", "FosterRollOff\FosterRollOff\FosterRollOff.vbproj", "{7A27240A-BA9D-4BA6-AC17-F1AC965881E9}"
EndProject
Project("{F184B08F-C81C-45F6-A57F-5ABD9991F28F}") = "FosterOffice", "FosterOffice\FosterOffice\FosterOffice.vbproj", "{94FB5615-C1D2-4780-A2BC-A04462011BF3}"
EndProject
Project("{F184B08F-C81C-45F6-A57F-5ABD9991F28F}") = "PickupTransaction", "FosterOffice\PickupTransaction\PickupTransaction.vbproj", "{622A52DD-DD43-4B0D-A453-B4167F3E7543}"
EndProject
Project("{2150E333-8FDC-42A3-9474-1A3956D46DE8}") = "Mobile Application", "Mobile Application", "{6A4FE02B-950F-4965-AC76-882B39BCF4BF}"
EndProject
Project("{FAE04EC0-301F-11D3-BF4B-00C04F79EFBC}") = "FosterCollector", "FosterCollectorV2\FosterCollector\FosterCollector\FosterCollector.csproj", "{3C60F168-38B5-44E6-8FC5-555E8277C0EB}"
EndProject
Project("{FAE04EC0-301F-11D3-BF4B-00C04F79EFBC}") = "FosterCollector.Droid", "FosterCollectorV2\FosterCollector\FosterCollector.Droid\FosterCollector.Droid.csproj", "{CD6E0C3D-5FFA-4545-97B6-20BE51177CB4}"
EndProject
Project("{2150E333-8FDC-42A3-9474-1A3956D46DE8}") = "Mailing Labels", "Mailing Labels", "{2AC6883E-EA66-4799-92B0-9E94CE090766}"
EndProject
Project("{FAE04EC0-301F-11D3-BF4B-00C04F79EFBC}") = "MailingLabelApp", "MailingLabelApp\MailingLabelApp.csproj", "{4D6D5B12-2CD0-485B-985A-7A41F2C3B75B}"
EndProject
Global
	GlobalSection(SolutionConfigurationPlatforms) = preSolution
		Debug - Commercial|Any CPU = Debug - Commercial|Any CPU
		Debug - Commercial|x86 = Debug - Commercial|x86
		Debug|Any CPU = Debug|Any CPU
		Debug|x86 = Debug|x86
		Release|Any CPU = Release|Any CPU
		Release|x86 = Release|x86
	EndGlobalSection
	GlobalSection(ProjectConfigurationPlatforms) = postSolution
		{7A27240A-BA9D-4BA6-AC17-F1AC965881E9}.Debug - Commercial|Any CPU.ActiveCfg = Debug|Any CPU
		{7A27240A-BA9D-4BA6-AC17-F1AC965881E9}.Debug - Commercial|Any CPU.Build.0 = Debug|Any CPU
		{7A27240A-BA9D-4BA6-AC17-F1AC965881E9}.Debug - Commercial|x86.ActiveCfg = Debug|Any CPU
		{7A27240A-BA9D-4BA6-AC17-F1AC965881E9}.Debug - Commercial|x86.Build.0 = Debug|Any CPU
		{7A27240A-BA9D-4BA6-AC17-F1AC965881E9}.Debug|Any CPU.ActiveCfg = Debug|Any CPU
		{7A27240A-BA9D-4BA6-AC17-F1AC965881E9}.Debug|Any CPU.Build.0 = Debug|Any CPU
		{7A27240A-BA9D-4BA6-AC17-F1AC965881E9}.Debug|x86.ActiveCfg = Debug|Any CPU
		{7A27240A-BA9D-4BA6-AC17-F1AC965881E9}.Debug|x86.Build.0 = Debug|Any CPU
		{7A27240A-BA9D-4BA6-AC17-F1AC965881E9}.Release|Any CPU.ActiveCfg = Release|Any CPU
		{7A27240A-BA9D-4BA6-AC17-F1AC965881E9}.Release|Any CPU.Build.0 = Release|Any CPU
		{7A27240A-BA9D-4BA6-AC17-F1AC965881E9}.Release|x86.ActiveCfg = Release|Any CPU
		{7A27240A-BA9D-4BA6-AC17-F1AC965881E9}.Release|x86.Build.0 = Release|Any CPU
		{94FB5615-C1D2-4780-A2BC-A04462011BF3}.Debug - Commercial|Any CPU.ActiveCfg = Debug - Commercial|x86
		{94FB5615-C1D2-4780-A2BC-A04462011BF3}.Debug - Commercial|x86.ActiveCfg = Debug - Commercial|x86
		{94FB5615-C1D2-4780-A2BC-A04462011BF3}.Debug - Commercial|x86.Build.0 = Debug - Commercial|x86
		{94FB5615-C1D2-4780-A2BC-A04462011BF3}.Debug|Any CPU.ActiveCfg = Debug|x86
		{94FB5615-C1D2-4780-A2BC-A04462011BF3}.Debug|Any CPU.Build.0 = Debug|x86
		{94FB5615-C1D2-4780-A2BC-A04462011BF3}.Debug|x86.ActiveCfg = Debug|x86
		{94FB5615-C1D2-4780-A2BC-A04462011BF3}.Debug|x86.Build.0 = Debug|x86
		{94FB5615-C1D2-4780-A2BC-A04462011BF3}.Release|Any CPU.ActiveCfg = Release|x86
		{94FB5615-C1D2-4780-A2BC-A04462011BF3}.Release|x86.ActiveCfg = Release|x86
		{94FB5615-C1D2-4780-A2BC-A04462011BF3}.Release|x86.Build.0 = Release|x86
		{622A52DD-DD43-4B0D-A453-B4167F3E7543}.Debug - Commercial|Any CPU.ActiveCfg = Debug - Commercial|Any CPU
		{622A52DD-DD43-4B0D-A453-B4167F3E7543}.Debug - Commercial|Any CPU.Build.0 = Debug - Commercial|Any CPU
		{622A52DD-DD43-4B0D-A453-B4167F3E7543}.Debug - Commercial|x86.ActiveCfg = Debug - Commercial|Any CPU
		{622A52DD-DD43-4B0D-A453-B4167F3E7543}.Debug - Commercial|x86.Build.0 = Debug - Commercial|Any CPU
		{622A52DD-DD43-4B0D-A453-B4167F3E7543}.Debug|Any CPU.ActiveCfg = Debug|Any CPU
		{622A52DD-DD43-4B0D-A453-B4167F3E7543}.Debug|Any CPU.Build.0 = Debug|Any CPU
		{622A52DD-DD43-4B0D-A453-B4167F3E7543}.Debug|x86.ActiveCfg = Debug|Any CPU
		{622A52DD-DD43-4B0D-A453-B4167F3E7543}.Debug|x86.Build.0 = Debug|Any CPU
		{622A52DD-DD43-4B0D-A453-B4167F3E7543}.Release|Any CPU.ActiveCfg = Release|Any CPU
		{622A52DD-DD43-4B0D-A453-B4167F3E7543}.Release|Any CPU.Build.0 = Release|Any CPU
		{622A52DD-DD43-4B0D-A453-B4167F3E7543}.Release|x86.ActiveCfg = Release|Any CPU
		{622A52DD-DD43-4B0D-A453-B4167F3E7543}.Release|x86.Build.0 = Release|Any CPU
		{3C60F168-38B5-44E6-8FC5-555E8277C0EB}.Debug - Commercial|Any CPU.ActiveCfg = Debug|Any CPU
		{3C60F168-38B5-44E6-8FC5-555E8277C0EB}.Debug - Commercial|Any CPU.Build.0 = Debug|Any CPU
		{3C60F168-38B5-44E6-8FC5-555E8277C0EB}.Debug - Commercial|x86.ActiveCfg = Debug|Any CPU
		{3C60F168-38B5-44E6-8FC5-555E8277C0EB}.Debug - Commercial|x86.Build.0 = Debug|Any CPU
		{3C60F168-38B5-44E6-8FC5-555E8277C0EB}.Debug|Any CPU.ActiveCfg = Debug|Any CPU
		{3C60F168-38B5-44E6-8FC5-555E8277C0EB}.Debug|Any CPU.Build.0 = Debug|Any CPU
		{3C60F168-38B5-44E6-8FC5-555E8277C0EB}.Debug|x86.ActiveCfg = Debug|Any CPU
		{3C60F168-38B5-44E6-8FC5-555E8277C0EB}.Debug|x86.Build.0 = Debug|Any CPU
		{3C60F168-38B5-44E6-8FC5-555E8277C0EB}.Release|Any CPU.ActiveCfg = Release|Any CPU
		{3C60F168-38B5-44E6-8FC5-555E8277C0EB}.Release|Any CPU.Build.0 = Release|Any CPU
		{3C60F168-38B5-44E6-8FC5-555E8277C0EB}.Release|x86.ActiveCfg = Release|Any CPU
		{3C60F168-38B5-44E6-8FC5-555E8277C0EB}.Release|x86.Build.0 = Release|Any CPU
		{CD6E0C3D-5FFA-4545-97B6-20BE51177CB4}.Debug - Commercial|Any CPU.ActiveCfg = Debug|Any CPU
		{CD6E0C3D-5FFA-4545-97B6-20BE51177CB4}.Debug - Commercial|Any CPU.Build.0 = Debug|Any CPU
		{CD6E0C3D-5FFA-4545-97B6-20BE51177CB4}.Debug - Commercial|Any CPU.Deploy.0 = Debug|Any CPU
		{CD6E0C3D-5FFA-4545-97B6-20BE51177CB4}.Debug - Commercial|x86.ActiveCfg = Debug|Any CPU
		{CD6E0C3D-5FFA-4545-97B6-20BE51177CB4}.Debug - Commercial|x86.Build.0 = Debug|Any CPU
		{CD6E0C3D-5FFA-4545-97B6-20BE51177CB4}.Debug - Commercial|x86.Deploy.0 = Debug|Any CPU
		{CD6E0C3D-5FFA-4545-97B6-20BE51177CB4}.Debug|Any CPU.ActiveCfg = Debug|Any CPU
		{CD6E0C3D-5FFA-4545-97B6-20BE51177CB4}.Debug|Any CPU.Build.0 = Debug|Any CPU
		{CD6E0C3D-5FFA-4545-97B6-20BE51177CB4}.Debug|Any CPU.Deploy.0 = Debug|Any CPU
		{CD6E0C3D-5FFA-4545-97B6-20BE51177CB4}.Debug|x86.ActiveCfg = Debug|Any CPU
		{CD6E0C3D-5FFA-4545-97B6-20BE51177CB4}.Debug|x86.Build.0 = Debug|Any CPU
		{CD6E0C3D-5FFA-4545-97B6-20BE51177CB4}.Debug|x86.Deploy.0 = Debug|Any CPU
		{CD6E0C3D-5FFA-4545-97B6-20BE51177CB4}.Release|Any CPU.ActiveCfg = Release|Any CPU
		{CD6E0C3D-5FFA-4545-97B6-20BE51177CB4}.Release|Any CPU.Build.0 = Release|Any CPU
		{CD6E0C3D-5FFA-4545-97B6-20BE51177CB4}.Release|Any CPU.Deploy.0 = Release|Any CPU
		{CD6E0C3D-5FFA-4545-97B6-20BE51177CB4}.Release|x86.ActiveCfg = Release|Any CPU
		{CD6E0C3D-5FFA-4545-97B6-20BE51177CB4}.Release|x86.Build.0 = Release|Any CPU
		{CD6E0C3D-5FFA-4545-97B6-20BE51177CB4}.Release|x86.Deploy.0 = Release|Any CPU
		{4D6D5B12-2CD0-485B-985A-7A41F2C3B75B}.Debug - Commercial|Any CPU.ActiveCfg = Debug|Any CPU
		{4D6D5B12-2CD0-485B-985A-7A41F2C3B75B}.Debug - Commercial|Any CPU.Build.0 = Debug|Any CPU
		{4D6D5B12-2CD0-485B-985A-7A41F2C3B75B}.Debug - Commercial|x86.ActiveCfg = Debug|Any CPU
		{4D6D5B12-2CD0-485B-985A-7A41F2C3B75B}.Debug - Commercial|x86.Build.0 = Debug|Any CPU
		{4D6D5B12-2CD0-485B-985A-7A41F2C3B75B}.Debug|Any CPU.ActiveCfg = Debug|Any CPU
		{4D6D5B12-2CD0-485B-985A-7A41F2C3B75B}.Debug|Any CPU.Build.0 = Debug|Any CPU
		{4D6D5B12-2CD0-485B-985A-7A41F2C3B75B}.Debug|x86.ActiveCfg = Debug|Any CPU
		{4D6D5B12-2CD0-485B-985A-7A41F2C3B75B}.Debug|x86.Build.0 = Debug|Any CPU
		{4D6D5B12-2CD0-485B-985A-7A41F2C3B75B}.Release|Any CPU.ActiveCfg = Release|Any CPU
		{4D6D5B12-2CD0-485B-985A-7A41F2C3B75B}.Release|Any CPU.Build.0 = Release|Any CPU
		{4D6D5B12-2CD0-485B-985A-7A41F2C3B75B}.Release|x86.ActiveCfg = Release|Any CPU
		{4D6D5B12-2CD0-485B-985A-7A41F2C3B75B}.Release|x86.Build.0 = Release|Any CPU
	EndGlobalSection
	GlobalSection(SolutionProperties) = preSolution
		HideSolutionNode = FALSE
	EndGlobalSection
	GlobalSection(NestedProjects) = preSolution
		{3C60F168-38B5-44E6-8FC5-555E8277C0EB} = {6A4FE02B-950F-4965-AC76-882B39BCF4BF}
		{CD6E0C3D-5FFA-4545-97B6-20BE51177CB4} = {6A4FE02B-950F-4965-AC76-882B39BCF4BF}
		{4D6D5B12-2CD0-485B-985A-7A41F2C3B75B} = {2AC6883E-EA66-4799-92B0-9E94CE090766}
	EndGlobalSection
	GlobalSection(ExtensibilityGlobals) = postSolution
		SolutionGuid = {53FD578B-17CF-45BC-A272-7A7DF4EB7BA2}
	EndGlobalSection
EndGlobal
