
Microsoft Visual Studio Solution File, Format Version 12.00
# Visual Studio Version 16
VisualStudioVersion = 16.0.29230.61
MinimumVisualStudioVersion = 10.0.40219.1
Project("{9A19103F-16F7-4668-BE54-9A1E7A4F7556}") = "FosterCollector", "FosterCollector\FosterCollector\FosterCollector.csproj", "{3C60F168-38B5-44E6-8FC5-555E8277C0EB}"
EndProject
Project("{FAE04EC0-301F-11D3-BF4B-00C04F79EFBC}") = "FosterCollector.iOS", "FosterCollector\FosterCollector.iOS\FosterCollector.iOS.csproj", "{6F33B263-40DA-496F-B776-2948F6B821E5}"
EndProject
Project("{FAE04EC0-301F-11D3-BF4B-00C04F79EFBC}") = "FosterCollector.Droid", "FosterCollector\FosterCollector.Droid\FosterCollector.Droid.csproj", "{CD6E0C3D-5FFA-4545-97B6-20BE51177CB4}"
EndProject
Project("{FAE04EC0-301F-11D3-BF4B-00C04F79EFBC}") = "FosterCollectV3", "FosterCollectV3\FosterCollectV3.csproj", "{DB25BA43-A1DD-46EE-86BC-081328BC71BD}"
EndProject
Global
	GlobalSection(SolutionConfigurationPlatforms) = preSolution
		Ad-Hoc|Any CPU = Ad-Hoc|Any CPU
		Ad-Hoc|iPhone = Ad-Hoc|iPhone
		Ad-Hoc|iPhoneSimulator = Ad-Hoc|iPhoneSimulator
		Ad-Hoc|Mixed Platforms = Ad-Hoc|Mixed Platforms
		AppStore|Any CPU = AppStore|Any CPU
		AppStore|iPhone = AppStore|iPhone
		AppStore|iPhoneSimulator = AppStore|iPhoneSimulator
		AppStore|Mixed Platforms = AppStore|Mixed Platforms
		Debug|Any CPU = Debug|Any CPU
		Debug|iPhone = Debug|iPhone
		Debug|iPhoneSimulator = Debug|iPhoneSimulator
		Debug|Mixed Platforms = Debug|Mixed Platforms
		Release|Any CPU = Release|Any CPU
		Release|iPhone = Release|iPhone
		Release|iPhoneSimulator = Release|iPhoneSimulator
		Release|Mixed Platforms = Release|Mixed Platforms
	EndGlobalSection
	GlobalSection(ProjectConfigurationPlatforms) = postSolution
		{3C60F168-38B5-44E6-8FC5-555E8277C0EB}.Ad-Hoc|Any CPU.ActiveCfg = Release|Any CPU
		{3C60F168-38B5-44E6-8FC5-555E8277C0EB}.Ad-Hoc|Any CPU.Build.0 = Release|Any CPU
		{3C60F168-38B5-44E6-8FC5-555E8277C0EB}.Ad-Hoc|iPhone.ActiveCfg = Release|Any CPU
		{3C60F168-38B5-44E6-8FC5-555E8277C0EB}.Ad-Hoc|iPhoneSimulator.ActiveCfg = Release|Any CPU
		{3C60F168-38B5-44E6-8FC5-555E8277C0EB}.Ad-Hoc|Mixed Platforms.ActiveCfg = Release|Any CPU
		{3C60F168-38B5-44E6-8FC5-555E8277C0EB}.Ad-Hoc|Mixed Platforms.Build.0 = Release|Any CPU
		{3C60F168-38B5-44E6-8FC5-555E8277C0EB}.AppStore|Any CPU.ActiveCfg = Release|Any CPU
		{3C60F168-38B5-44E6-8FC5-555E8277C0EB}.AppStore|Any CPU.Build.0 = Release|Any CPU
		{3C60F168-38B5-44E6-8FC5-555E8277C0EB}.AppStore|iPhone.ActiveCfg = Release|Any CPU
		{3C60F168-38B5-44E6-8FC5-555E8277C0EB}.AppStore|iPhoneSimulator.ActiveCfg = Release|Any CPU
		{3C60F168-38B5-44E6-8FC5-555E8277C0EB}.AppStore|Mixed Platforms.ActiveCfg = Release|Any CPU
		{3C60F168-38B5-44E6-8FC5-555E8277C0EB}.AppStore|Mixed Platforms.Build.0 = Release|Any CPU
		{3C60F168-38B5-44E6-8FC5-555E8277C0EB}.Debug|Any CPU.ActiveCfg = Debug|Any CPU
		{3C60F168-38B5-44E6-8FC5-555E8277C0EB}.Debug|Any CPU.Build.0 = Debug|Any CPU
		{3C60F168-38B5-44E6-8FC5-555E8277C0EB}.Debug|iPhone.ActiveCfg = Debug|Any CPU
		{3C60F168-38B5-44E6-8FC5-555E8277C0EB}.Debug|iPhoneSimulator.ActiveCfg = Debug|Any CPU
		{3C60F168-38B5-44E6-8FC5-555E8277C0EB}.Debug|Mixed Platforms.ActiveCfg = Debug|Any CPU
		{3C60F168-38B5-44E6-8FC5-555E8277C0EB}.Debug|Mixed Platforms.Build.0 = Debug|Any CPU
		{3C60F168-38B5-44E6-8FC5-555E8277C0EB}.Release|Any CPU.ActiveCfg = Release|Any CPU
		{3C60F168-38B5-44E6-8FC5-555E8277C0EB}.Release|Any CPU.Build.0 = Release|Any CPU
		{3C60F168-38B5-44E6-8FC5-555E8277C0EB}.Release|iPhone.ActiveCfg = Release|Any CPU
		{3C60F168-38B5-44E6-8FC5-555E8277C0EB}.Release|iPhoneSimulator.ActiveCfg = Release|Any CPU
		{3C60F168-38B5-44E6-8FC5-555E8277C0EB}.Release|Mixed Platforms.ActiveCfg = Release|Any CPU
		{3C60F168-38B5-44E6-8FC5-555E8277C0EB}.Release|Mixed Platforms.Build.0 = Release|Any CPU
		{6F33B263-40DA-496F-B776-2948F6B821E5}.Ad-Hoc|Any CPU.ActiveCfg = Ad-Hoc|iPhone
		{6F33B263-40DA-496F-B776-2948F6B821E5}.Ad-Hoc|iPhone.ActiveCfg = Ad-Hoc|iPhone
		{6F33B263-40DA-496F-B776-2948F6B821E5}.Ad-Hoc|iPhone.Build.0 = Ad-Hoc|iPhone
		{6F33B263-40DA-496F-B776-2948F6B821E5}.Ad-Hoc|iPhoneSimulator.ActiveCfg = Ad-Hoc|iPhoneSimulator
		{6F33B263-40DA-496F-B776-2948F6B821E5}.Ad-Hoc|iPhoneSimulator.Build.0 = Ad-Hoc|iPhoneSimulator
		{6F33B263-40DA-496F-B776-2948F6B821E5}.Ad-Hoc|Mixed Platforms.ActiveCfg = Ad-Hoc|iPhone
		{6F33B263-40DA-496F-B776-2948F6B821E5}.Ad-Hoc|Mixed Platforms.Build.0 = Ad-Hoc|iPhone
		{6F33B263-40DA-496F-B776-2948F6B821E5}.AppStore|Any CPU.ActiveCfg = AppStore|iPhone
		{6F33B263-40DA-496F-B776-2948F6B821E5}.AppStore|iPhone.ActiveCfg = AppStore|iPhone
		{6F33B263-40DA-496F-B776-2948F6B821E5}.AppStore|iPhone.Build.0 = AppStore|iPhone
		{6F33B263-40DA-496F-B776-2948F6B821E5}.AppStore|iPhoneSimulator.ActiveCfg = AppStore|iPhoneSimulator
		{6F33B263-40DA-496F-B776-2948F6B821E5}.AppStore|iPhoneSimulator.Build.0 = AppStore|iPhoneSimulator
		{6F33B263-40DA-496F-B776-2948F6B821E5}.AppStore|Mixed Platforms.ActiveCfg = AppStore|iPhone
		{6F33B263-40DA-496F-B776-2948F6B821E5}.AppStore|Mixed Platforms.Build.0 = AppStore|iPhone
		{6F33B263-40DA-496F-B776-2948F6B821E5}.Debug|Any CPU.ActiveCfg = Debug|iPhone
		{6F33B263-40DA-496F-B776-2948F6B821E5}.Debug|iPhone.ActiveCfg = Debug|iPhone
		{6F33B263-40DA-496F-B776-2948F6B821E5}.Debug|iPhone.Build.0 = Debug|iPhone
		{6F33B263-40DA-496F-B776-2948F6B821E5}.Debug|iPhoneSimulator.ActiveCfg = Debug|iPhoneSimulator
		{6F33B263-40DA-496F-B776-2948F6B821E5}.Debug|iPhoneSimulator.Build.0 = Debug|iPhoneSimulator
		{6F33B263-40DA-496F-B776-2948F6B821E5}.Debug|Mixed Platforms.ActiveCfg = Debug|iPhone
		{6F33B263-40DA-496F-B776-2948F6B821E5}.Debug|Mixed Platforms.Build.0 = Debug|iPhone
		{6F33B263-40DA-496F-B776-2948F6B821E5}.Release|Any CPU.ActiveCfg = Release|iPhone
		{6F33B263-40DA-496F-B776-2948F6B821E5}.Release|iPhone.ActiveCfg = Release|iPhone
		{6F33B263-40DA-496F-B776-2948F6B821E5}.Release|iPhone.Build.0 = Release|iPhone
		{6F33B263-40DA-496F-B776-2948F6B821E5}.Release|iPhoneSimulator.ActiveCfg = Release|iPhoneSimulator
		{6F33B263-40DA-496F-B776-2948F6B821E5}.Release|iPhoneSimulator.Build.0 = Release|iPhoneSimulator
		{6F33B263-40DA-496F-B776-2948F6B821E5}.Release|Mixed Platforms.ActiveCfg = Release|iPhone
		{6F33B263-40DA-496F-B776-2948F6B821E5}.Release|Mixed Platforms.Build.0 = Release|iPhone
		{CD6E0C3D-5FFA-4545-97B6-20BE51177CB4}.Ad-Hoc|Any CPU.ActiveCfg = Release|Any CPU
		{CD6E0C3D-5FFA-4545-97B6-20BE51177CB4}.Ad-Hoc|Any CPU.Build.0 = Release|Any CPU
		{CD6E0C3D-5FFA-4545-97B6-20BE51177CB4}.Ad-Hoc|Any CPU.Deploy.0 = Release|Any CPU
		{CD6E0C3D-5FFA-4545-97B6-20BE51177CB4}.Ad-Hoc|iPhone.ActiveCfg = Release|Any CPU
		{CD6E0C3D-5FFA-4545-97B6-20BE51177CB4}.Ad-Hoc|iPhoneSimulator.ActiveCfg = Release|Any CPU
		{CD6E0C3D-5FFA-4545-97B6-20BE51177CB4}.Ad-Hoc|Mixed Platforms.ActiveCfg = Release|Any CPU
		{CD6E0C3D-5FFA-4545-97B6-20BE51177CB4}.Ad-Hoc|Mixed Platforms.Build.0 = Release|Any CPU
		{CD6E0C3D-5FFA-4545-97B6-20BE51177CB4}.Ad-Hoc|Mixed Platforms.Deploy.0 = Release|Any CPU
		{CD6E0C3D-5FFA-4545-97B6-20BE51177CB4}.AppStore|Any CPU.ActiveCfg = Release|Any CPU
		{CD6E0C3D-5FFA-4545-97B6-20BE51177CB4}.AppStore|Any CPU.Build.0 = Release|Any CPU
		{CD6E0C3D-5FFA-4545-97B6-20BE51177CB4}.AppStore|Any CPU.Deploy.0 = Release|Any CPU
		{CD6E0C3D-5FFA-4545-97B6-20BE51177CB4}.AppStore|iPhone.ActiveCfg = Release|Any CPU
		{CD6E0C3D-5FFA-4545-97B6-20BE51177CB4}.AppStore|iPhoneSimulator.ActiveCfg = Release|Any CPU
		{CD6E0C3D-5FFA-4545-97B6-20BE51177CB4}.AppStore|Mixed Platforms.ActiveCfg = Release|Any CPU
		{CD6E0C3D-5FFA-4545-97B6-20BE51177CB4}.AppStore|Mixed Platforms.Build.0 = Release|Any CPU
		{CD6E0C3D-5FFA-4545-97B6-20BE51177CB4}.AppStore|Mixed Platforms.Deploy.0 = Release|Any CPU
		{CD6E0C3D-5FFA-4545-97B6-20BE51177CB4}.Debug|Any CPU.ActiveCfg = Debug|Any CPU
		{CD6E0C3D-5FFA-4545-97B6-20BE51177CB4}.Debug|Any CPU.Build.0 = Debug|Any CPU
		{CD6E0C3D-5FFA-4545-97B6-20BE51177CB4}.Debug|Any CPU.Deploy.0 = Debug|Any CPU
		{CD6E0C3D-5FFA-4545-97B6-20BE51177CB4}.Debug|iPhone.ActiveCfg = Debug|Any CPU
		{CD6E0C3D-5FFA-4545-97B6-20BE51177CB4}.Debug|iPhoneSimulator.ActiveCfg = Debug|Any CPU
		{CD6E0C3D-5FFA-4545-97B6-20BE51177CB4}.Debug|Mixed Platforms.ActiveCfg = Debug|Any CPU
		{CD6E0C3D-5FFA-4545-97B6-20BE51177CB4}.Debug|Mixed Platforms.Build.0 = Debug|Any CPU
		{CD6E0C3D-5FFA-4545-97B6-20BE51177CB4}.Debug|Mixed Platforms.Deploy.0 = Debug|Any CPU
		{CD6E0C3D-5FFA-4545-97B6-20BE51177CB4}.Release|Any CPU.ActiveCfg = Release|Any CPU
		{CD6E0C3D-5FFA-4545-97B6-20BE51177CB4}.Release|Any CPU.Build.0 = Release|Any CPU
		{CD6E0C3D-5FFA-4545-97B6-20BE51177CB4}.Release|Any CPU.Deploy.0 = Release|Any CPU
		{CD6E0C3D-5FFA-4545-97B6-20BE51177CB4}.Release|iPhone.ActiveCfg = Release|Any CPU
		{CD6E0C3D-5FFA-4545-97B6-20BE51177CB4}.Release|iPhoneSimulator.ActiveCfg = Release|Any CPU
		{CD6E0C3D-5FFA-4545-97B6-20BE51177CB4}.Release|Mixed Platforms.ActiveCfg = Release|Any CPU
		{CD6E0C3D-5FFA-4545-97B6-20BE51177CB4}.Release|Mixed Platforms.Build.0 = Release|Any CPU
		{CD6E0C3D-5FFA-4545-97B6-20BE51177CB4}.Release|Mixed Platforms.Deploy.0 = Release|Any CPU
		{DB25BA43-A1DD-46EE-86BC-081328BC71BD}.Ad-Hoc|Any CPU.ActiveCfg = Release|Any CPU
		{DB25BA43-A1DD-46EE-86BC-081328BC71BD}.Ad-Hoc|Any CPU.Build.0 = Release|Any CPU
		{DB25BA43-A1DD-46EE-86BC-081328BC71BD}.Ad-Hoc|Any CPU.Deploy.0 = Release|Any CPU
		{DB25BA43-A1DD-46EE-86BC-081328BC71BD}.Ad-Hoc|iPhone.ActiveCfg = Release|Any CPU
		{DB25BA43-A1DD-46EE-86BC-081328BC71BD}.Ad-Hoc|iPhone.Build.0 = Release|Any CPU
		{DB25BA43-A1DD-46EE-86BC-081328BC71BD}.Ad-Hoc|iPhone.Deploy.0 = Release|Any CPU
		{DB25BA43-A1DD-46EE-86BC-081328BC71BD}.Ad-Hoc|iPhoneSimulator.ActiveCfg = Release|Any CPU
		{DB25BA43-A1DD-46EE-86BC-081328BC71BD}.Ad-Hoc|iPhoneSimulator.Build.0 = Release|Any CPU
		{DB25BA43-A1DD-46EE-86BC-081328BC71BD}.Ad-Hoc|iPhoneSimulator.Deploy.0 = Release|Any CPU
		{DB25BA43-A1DD-46EE-86BC-081328BC71BD}.Ad-Hoc|Mixed Platforms.ActiveCfg = Release|Any CPU
		{DB25BA43-A1DD-46EE-86BC-081328BC71BD}.Ad-Hoc|Mixed Platforms.Build.0 = Release|Any CPU
		{DB25BA43-A1DD-46EE-86BC-081328BC71BD}.Ad-Hoc|Mixed Platforms.Deploy.0 = Release|Any CPU
		{DB25BA43-A1DD-46EE-86BC-081328BC71BD}.AppStore|Any CPU.ActiveCfg = Release|Any CPU
		{DB25BA43-A1DD-46EE-86BC-081328BC71BD}.AppStore|Any CPU.Build.0 = Release|Any CPU
		{DB25BA43-A1DD-46EE-86BC-081328BC71BD}.AppStore|Any CPU.Deploy.0 = Release|Any CPU
		{DB25BA43-A1DD-46EE-86BC-081328BC71BD}.AppStore|iPhone.ActiveCfg = Release|Any CPU
		{DB25BA43-A1DD-46EE-86BC-081328BC71BD}.AppStore|iPhone.Build.0 = Release|Any CPU
		{DB25BA43-A1DD-46EE-86BC-081328BC71BD}.AppStore|iPhone.Deploy.0 = Release|Any CPU
		{DB25BA43-A1DD-46EE-86BC-081328BC71BD}.AppStore|iPhoneSimulator.ActiveCfg = Release|Any CPU
		{DB25BA43-A1DD-46EE-86BC-081328BC71BD}.AppStore|iPhoneSimulator.Build.0 = Release|Any CPU
		{DB25BA43-A1DD-46EE-86BC-081328BC71BD}.AppStore|iPhoneSimulator.Deploy.0 = Release|Any CPU
		{DB25BA43-A1DD-46EE-86BC-081328BC71BD}.AppStore|Mixed Platforms.ActiveCfg = Release|Any CPU
		{DB25BA43-A1DD-46EE-86BC-081328BC71BD}.AppStore|Mixed Platforms.Build.0 = Release|Any CPU
		{DB25BA43-A1DD-46EE-86BC-081328BC71BD}.AppStore|Mixed Platforms.Deploy.0 = Release|Any CPU
		{DB25BA43-A1DD-46EE-86BC-081328BC71BD}.Debug|Any CPU.ActiveCfg = Debug|Any CPU
		{DB25BA43-A1DD-46EE-86BC-081328BC71BD}.Debug|Any CPU.Build.0 = Debug|Any CPU
		{DB25BA43-A1DD-46EE-86BC-081328BC71BD}.Debug|Any CPU.Deploy.0 = Debug|Any CPU
		{DB25BA43-A1DD-46EE-86BC-081328BC71BD}.Debug|iPhone.ActiveCfg = Debug|Any CPU
		{DB25BA43-A1DD-46EE-86BC-081328BC71BD}.Debug|iPhone.Build.0 = Debug|Any CPU
		{DB25BA43-A1DD-46EE-86BC-081328BC71BD}.Debug|iPhone.Deploy.0 = Debug|Any CPU
		{DB25BA43-A1DD-46EE-86BC-081328BC71BD}.Debug|iPhoneSimulator.ActiveCfg = Debug|Any CPU
		{DB25BA43-A1DD-46EE-86BC-081328BC71BD}.Debug|iPhoneSimulator.Build.0 = Debug|Any CPU
		{DB25BA43-A1DD-46EE-86BC-081328BC71BD}.Debug|iPhoneSimulator.Deploy.0 = Debug|Any CPU
		{DB25BA43-A1DD-46EE-86BC-081328BC71BD}.Debug|Mixed Platforms.ActiveCfg = Debug|Any CPU
		{DB25BA43-A1DD-46EE-86BC-081328BC71BD}.Debug|Mixed Platforms.Build.0 = Debug|Any CPU
		{DB25BA43-A1DD-46EE-86BC-081328BC71BD}.Debug|Mixed Platforms.Deploy.0 = Debug|Any CPU
		{DB25BA43-A1DD-46EE-86BC-081328BC71BD}.Release|Any CPU.ActiveCfg = Release|Any CPU
		{DB25BA43-A1DD-46EE-86BC-081328BC71BD}.Release|Any CPU.Build.0 = Release|Any CPU
		{DB25BA43-A1DD-46EE-86BC-081328BC71BD}.Release|Any CPU.Deploy.0 = Release|Any CPU
		{DB25BA43-A1DD-46EE-86BC-081328BC71BD}.Release|iPhone.ActiveCfg = Release|Any CPU
		{DB25BA43-A1DD-46EE-86BC-081328BC71BD}.Release|iPhone.Build.0 = Release|Any CPU
		{DB25BA43-A1DD-46EE-86BC-081328BC71BD}.Release|iPhone.Deploy.0 = Release|Any CPU
		{DB25BA43-A1DD-46EE-86BC-081328BC71BD}.Release|iPhoneSimulator.ActiveCfg = Release|Any CPU
		{DB25BA43-A1DD-46EE-86BC-081328BC71BD}.Release|iPhoneSimulator.Build.0 = Release|Any CPU
		{DB25BA43-A1DD-46EE-86BC-081328BC71BD}.Release|iPhoneSimulator.Deploy.0 = Release|Any CPU
		{DB25BA43-A1DD-46EE-86BC-081328BC71BD}.Release|Mixed Platforms.ActiveCfg = Release|Any CPU
		{DB25BA43-A1DD-46EE-86BC-081328BC71BD}.Release|Mixed Platforms.Build.0 = Release|Any CPU
		{DB25BA43-A1DD-46EE-86BC-081328BC71BD}.Release|Mixed Platforms.Deploy.0 = Release|Any CPU
	EndGlobalSection
	GlobalSection(SolutionProperties) = preSolution
		HideSolutionNode = FALSE
	EndGlobalSection
	GlobalSection(ExtensibilityGlobals) = postSolution
		SolutionGuid = {62F9BAB9-B12E-4671-8859-AB1988E07192}
	EndGlobalSection
EndGlobal
