
Microsoft Visual Studio Solution File, Format Version 12.00
# Visual Studio Version 16
VisualStudioVersion = 16.0.30717.126
MinimumVisualStudioVersion = 10.0.40219.1
Project("{F184B08F-C81C-45F6-A57F-5ABD9991F28F}") = "FosterMobile", "FosterMobile\FosterMobile.vbproj", "{71361C80-888F-449E-B281-91C136CA7B30}"
EndProject
Project("{F184B08F-C81C-45F6-A57F-5ABD9991F28F}") = "FosterOffice", "FosterOffice\FosterOffice.vbproj", "{94FB5615-C1D2-4780-A2BC-A04462011BF3}"
EndProject
Project("{F184B08F-C81C-45F6-A57F-5ABD9991F28F}") = "PickupTransaction", "PickupTransaction\PickupTransaction.vbproj", "{622A52DD-DD43-4B0D-A453-B4167F3E7543}"
EndProject
Project("{F184B08F-C81C-45F6-A57F-5ABD9991F28F}") = "FosterUpdater", "FostersUpdater\FosterUpdater.vbproj", "{E6E1996F-C8B6-4D39-9E86-2213FC121C00}"
EndProject
Project("{FAE04EC0-301F-11D3-BF4B-00C04F79EFBC}") = "FTPHelper", "FTPHelper\FTPHelper.csproj", "{2296C054-8F71-42B7-AC4E-74E0B5EFE742}"
EndProject
Project("{FAE04EC0-301F-11D3-BF4B-00C04F79EFBC}") = "SequenceNumberMove", "SequenceNumberMove\SequenceNumberMove.csproj", "{F6021DBF-F72E-4FF7-B289-B459FF926EBF}"
EndProject
Project("{FAE04EC0-301F-11D3-BF4B-00C04F79EFBC}") = "MailingLabelApp", "..\MailingLabelApp\MailingLabelApp.csproj", "{4D6D5B12-2CD0-485B-985A-7A41F2C3B75B}"
EndProject
Project("{F184B08F-C81C-45F6-A57F-5ABD9991F28F}") = "FosterRollOff", "..\FosterRollOff\FosterRollOff\FosterRollOff.vbproj", "{7A27240A-BA9D-4BA6-AC17-F1AC965881E9}"
EndProject
Global
	GlobalSection(SolutionConfigurationPlatforms) = preSolution
		Debug|Any CPU = Debug|Any CPU
		Debug|Mixed Platforms = Debug|Mixed Platforms
		Debug|x86 = Debug|x86
		Release|Any CPU = Release|Any CPU
		Release|Mixed Platforms = Release|Mixed Platforms
		Release|x86 = Release|x86
	EndGlobalSection
	GlobalSection(ProjectConfigurationPlatforms) = postSolution
		{71361C80-888F-449E-B281-91C136CA7B30}.Debug|Any CPU.ActiveCfg = Debug|x86
		{71361C80-888F-449E-B281-91C136CA7B30}.Debug|Mixed Platforms.ActiveCfg = Debug|x86
		{71361C80-888F-449E-B281-91C136CA7B30}.Debug|Mixed Platforms.Build.0 = Debug|x86
		{71361C80-888F-449E-B281-91C136CA7B30}.Debug|x86.ActiveCfg = Debug|x86
		{71361C80-888F-449E-B281-91C136CA7B30}.Debug|x86.Build.0 = Debug|x86
		{71361C80-888F-449E-B281-91C136CA7B30}.Release|Any CPU.ActiveCfg = Release|x86
		{71361C80-888F-449E-B281-91C136CA7B30}.Release|Mixed Platforms.ActiveCfg = Release|x86
		{71361C80-888F-449E-B281-91C136CA7B30}.Release|Mixed Platforms.Build.0 = Release|x86
		{71361C80-888F-449E-B281-91C136CA7B30}.Release|x86.ActiveCfg = Release|x86
		{71361C80-888F-449E-B281-91C136CA7B30}.Release|x86.Build.0 = Release|x86
		{94FB5615-C1D2-4780-A2BC-A04462011BF3}.Debug|Any CPU.ActiveCfg = Debug|x86
		{94FB5615-C1D2-4780-A2BC-A04462011BF3}.Debug|Mixed Platforms.ActiveCfg = Debug|x86
		{94FB5615-C1D2-4780-A2BC-A04462011BF3}.Debug|Mixed Platforms.Build.0 = Debug|x86
		{94FB5615-C1D2-4780-A2BC-A04462011BF3}.Debug|x86.ActiveCfg = Debug|x86
		{94FB5615-C1D2-4780-A2BC-A04462011BF3}.Debug|x86.Build.0 = Debug|x86
		{94FB5615-C1D2-4780-A2BC-A04462011BF3}.Release|Any CPU.ActiveCfg = Release|x86
		{94FB5615-C1D2-4780-A2BC-A04462011BF3}.Release|Mixed Platforms.ActiveCfg = Release|x86
		{94FB5615-C1D2-4780-A2BC-A04462011BF3}.Release|Mixed Platforms.Build.0 = Release|x86
		{94FB5615-C1D2-4780-A2BC-A04462011BF3}.Release|x86.ActiveCfg = Release|x86
		{94FB5615-C1D2-4780-A2BC-A04462011BF3}.Release|x86.Build.0 = Release|x86
		{622A52DD-DD43-4B0D-A453-B4167F3E7543}.Debug|Any CPU.ActiveCfg = Debug|Any CPU
		{622A52DD-DD43-4B0D-A453-B4167F3E7543}.Debug|Any CPU.Build.0 = Debug|Any CPU
		{622A52DD-DD43-4B0D-A453-B4167F3E7543}.Debug|Mixed Platforms.ActiveCfg = Debug|Any CPU
		{622A52DD-DD43-4B0D-A453-B4167F3E7543}.Debug|Mixed Platforms.Build.0 = Debug|Any CPU
		{622A52DD-DD43-4B0D-A453-B4167F3E7543}.Debug|x86.ActiveCfg = Debug|Any CPU
		{622A52DD-DD43-4B0D-A453-B4167F3E7543}.Release|Any CPU.ActiveCfg = Release|Any CPU
		{622A52DD-DD43-4B0D-A453-B4167F3E7543}.Release|Any CPU.Build.0 = Release|Any CPU
		{622A52DD-DD43-4B0D-A453-B4167F3E7543}.Release|Mixed Platforms.ActiveCfg = Release|Any CPU
		{622A52DD-DD43-4B0D-A453-B4167F3E7543}.Release|Mixed Platforms.Build.0 = Release|Any CPU
		{622A52DD-DD43-4B0D-A453-B4167F3E7543}.Release|x86.ActiveCfg = Release|Any CPU
		{E6E1996F-C8B6-4D39-9E86-2213FC121C00}.Debug|Any CPU.ActiveCfg = Debug|Any CPU
		{E6E1996F-C8B6-4D39-9E86-2213FC121C00}.Debug|Any CPU.Build.0 = Debug|Any CPU
		{E6E1996F-C8B6-4D39-9E86-2213FC121C00}.Debug|Mixed Platforms.ActiveCfg = Debug|Any CPU
		{E6E1996F-C8B6-4D39-9E86-2213FC121C00}.Debug|Mixed Platforms.Build.0 = Debug|Any CPU
		{E6E1996F-C8B6-4D39-9E86-2213FC121C00}.Debug|x86.ActiveCfg = Debug|Any CPU
		{E6E1996F-C8B6-4D39-9E86-2213FC121C00}.Release|Any CPU.ActiveCfg = Release|Any CPU
		{E6E1996F-C8B6-4D39-9E86-2213FC121C00}.Release|Any CPU.Build.0 = Release|Any CPU
		{E6E1996F-C8B6-4D39-9E86-2213FC121C00}.Release|Mixed Platforms.ActiveCfg = Release|Any CPU
		{E6E1996F-C8B6-4D39-9E86-2213FC121C00}.Release|Mixed Platforms.Build.0 = Release|Any CPU
		{E6E1996F-C8B6-4D39-9E86-2213FC121C00}.Release|x86.ActiveCfg = Release|Any CPU
		{2296C054-8F71-42B7-AC4E-74E0B5EFE742}.Debug|Any CPU.ActiveCfg = Debug|Any CPU
		{2296C054-8F71-42B7-AC4E-74E0B5EFE742}.Debug|Any CPU.Build.0 = Debug|Any CPU
		{2296C054-8F71-42B7-AC4E-74E0B5EFE742}.Debug|Mixed Platforms.ActiveCfg = Debug|Any CPU
		{2296C054-8F71-42B7-AC4E-74E0B5EFE742}.Debug|Mixed Platforms.Build.0 = Debug|Any CPU
		{2296C054-8F71-42B7-AC4E-74E0B5EFE742}.Debug|x86.ActiveCfg = Debug|Any CPU
		{2296C054-8F71-42B7-AC4E-74E0B5EFE742}.Release|Any CPU.ActiveCfg = Release|Any CPU
		{2296C054-8F71-42B7-AC4E-74E0B5EFE742}.Release|Any CPU.Build.0 = Release|Any CPU
		{2296C054-8F71-42B7-AC4E-74E0B5EFE742}.Release|Mixed Platforms.ActiveCfg = Release|Any CPU
		{2296C054-8F71-42B7-AC4E-74E0B5EFE742}.Release|Mixed Platforms.Build.0 = Release|Any CPU
		{2296C054-8F71-42B7-AC4E-74E0B5EFE742}.Release|x86.ActiveCfg = Release|Any CPU
		{F6021DBF-F72E-4FF7-B289-B459FF926EBF}.Debug|Any CPU.ActiveCfg = Debug|Any CPU
		{F6021DBF-F72E-4FF7-B289-B459FF926EBF}.Debug|Any CPU.Build.0 = Debug|Any CPU
		{F6021DBF-F72E-4FF7-B289-B459FF926EBF}.Debug|Mixed Platforms.ActiveCfg = Debug|Any CPU
		{F6021DBF-F72E-4FF7-B289-B459FF926EBF}.Debug|Mixed Platforms.Build.0 = Debug|Any CPU
		{F6021DBF-F72E-4FF7-B289-B459FF926EBF}.Debug|x86.ActiveCfg = Debug|Any CPU
		{F6021DBF-F72E-4FF7-B289-B459FF926EBF}.Debug|x86.Build.0 = Debug|Any CPU
		{F6021DBF-F72E-4FF7-B289-B459FF926EBF}.Release|Any CPU.ActiveCfg = Release|Any CPU
		{F6021DBF-F72E-4FF7-B289-B459FF926EBF}.Release|Any CPU.Build.0 = Release|Any CPU
		{F6021DBF-F72E-4FF7-B289-B459FF926EBF}.Release|Mixed Platforms.ActiveCfg = Release|Any CPU
		{F6021DBF-F72E-4FF7-B289-B459FF926EBF}.Release|Mixed Platforms.Build.0 = Release|Any CPU
		{F6021DBF-F72E-4FF7-B289-B459FF926EBF}.Release|x86.ActiveCfg = Release|Any CPU
		{F6021DBF-F72E-4FF7-B289-B459FF926EBF}.Release|x86.Build.0 = Release|Any CPU
		{4D6D5B12-2CD0-485B-985A-7A41F2C3B75B}.Debug|Any CPU.ActiveCfg = Debug|Any CPU
		{4D6D5B12-2CD0-485B-985A-7A41F2C3B75B}.Debug|Any CPU.Build.0 = Debug|Any CPU
		{4D6D5B12-2CD0-485B-985A-7A41F2C3B75B}.Debug|Mixed Platforms.ActiveCfg = Debug|Any CPU
		{4D6D5B12-2CD0-485B-985A-7A41F2C3B75B}.Debug|Mixed Platforms.Build.0 = Debug|Any CPU
		{4D6D5B12-2CD0-485B-985A-7A41F2C3B75B}.Debug|x86.ActiveCfg = Debug|Any CPU
		{4D6D5B12-2CD0-485B-985A-7A41F2C3B75B}.Debug|x86.Build.0 = Debug|Any CPU
		{4D6D5B12-2CD0-485B-985A-7A41F2C3B75B}.Release|Any CPU.ActiveCfg = Release|Any CPU
		{4D6D5B12-2CD0-485B-985A-7A41F2C3B75B}.Release|Any CPU.Build.0 = Release|Any CPU
		{4D6D5B12-2CD0-485B-985A-7A41F2C3B75B}.Release|Mixed Platforms.ActiveCfg = Release|Any CPU
		{4D6D5B12-2CD0-485B-985A-7A41F2C3B75B}.Release|Mixed Platforms.Build.0 = Release|Any CPU
		{4D6D5B12-2CD0-485B-985A-7A41F2C3B75B}.Release|x86.ActiveCfg = Release|Any CPU
		{4D6D5B12-2CD0-485B-985A-7A41F2C3B75B}.Release|x86.Build.0 = Release|Any CPU
		{7A27240A-BA9D-4BA6-AC17-F1AC965881E9}.Debug|Any CPU.ActiveCfg = Debug|Any CPU
		{7A27240A-BA9D-4BA6-AC17-F1AC965881E9}.Debug|Any CPU.Build.0 = Debug|Any CPU
		{7A27240A-BA9D-4BA6-AC17-F1AC965881E9}.Debug|Mixed Platforms.ActiveCfg = Debug|Any CPU
		{7A27240A-BA9D-4BA6-AC17-F1AC965881E9}.Debug|Mixed Platforms.Build.0 = Debug|Any CPU
		{7A27240A-BA9D-4BA6-AC17-F1AC965881E9}.Debug|x86.ActiveCfg = Debug|Any CPU
		{7A27240A-BA9D-4BA6-AC17-F1AC965881E9}.Debug|x86.Build.0 = Debug|Any CPU
		{7A27240A-BA9D-4BA6-AC17-F1AC965881E9}.Release|Any CPU.ActiveCfg = Release|Any CPU
		{7A27240A-BA9D-4BA6-AC17-F1AC965881E9}.Release|Any CPU.Build.0 = Release|Any CPU
		{7A27240A-BA9D-4BA6-AC17-F1AC965881E9}.Release|Mixed Platforms.ActiveCfg = Release|Any CPU
		{7A27240A-BA9D-4BA6-AC17-F1AC965881E9}.Release|Mixed Platforms.Build.0 = Release|Any CPU
		{7A27240A-BA9D-4BA6-AC17-F1AC965881E9}.Release|x86.ActiveCfg = Release|Any CPU
		{7A27240A-BA9D-4BA6-AC17-F1AC965881E9}.Release|x86.Build.0 = Release|Any CPU
	EndGlobalSection
	GlobalSection(SolutionProperties) = preSolution
		HideSolutionNode = FALSE
	EndGlobalSection
	GlobalSection(ExtensibilityGlobals) = postSolution
		VisualSVNWorkingCopyRoot = .
		SolutionGuid = {0BAE2017-970C-40C0-AA68-E85190AEB3F4}
	EndGlobalSection
EndGlobal
